
Microsoft Visual Studio Solution File, Format Version 12.00
# Visual Studio Version 17
VisualStudioVersion = 17.6.33723.286
MinimumVisualStudioVersion = 10.0.40219.1
Project("{FAE04EC0-301F-11D3-BF4B-00C04F79EFBC}") = "WEB-API-Result", "WEB-API-Result\WEB-API-Result.csproj", "{D21CDFE8-3115-4B82-8B7D-5F831A52FDFD}"
EndProject
Global
	GlobalSection(SolutionConfigurationPlatforms) = preSolution
		Debug|Any CPU = Debug|Any CPU
		Release|Any CPU = Release|Any CPU
	EndGlobalSection
	GlobalSection(ProjectConfigurationPlatforms) = postSolution
		{D21CDFE8-3115-4B82-8B7D-5F831A52FDFD}.Debug|Any CPU.ActiveCfg = Debug|Any CPU
		{D21CDFE8-3115-4B82-8B7D-5F831A52FDFD}.Debug|Any CPU.Build.0 = Debug|Any CPU
		{D21CDFE8-3115-4B82-8B7D-5F831A52FDFD}.Release|Any CPU.ActiveCfg = Release|Any CPU
		{D21CDFE8-3115-4B82-8B7D-5F831A52FDFD}.Release|Any CPU.Build.0 = Release|Any CPU
	EndGlobalSection
	GlobalSection(SolutionProperties) = preSolution
		HideSolutionNode = FALSE
	EndGlobalSection
	GlobalSection(ExtensibilityGlobals) = postSolution
		SolutionGuid = {8564200B-E9B0-48D3-8C73-5979205F47EC}
	EndGlobalSection
EndGlobal
